
Microsoft Visual Studio Solution File, Format Version 12.00
# Visual Studio 15
VisualStudioVersion = 15.0.27428.2005
MinimumVisualStudioVersion = 10.0.40219.1
Project("{8BC9CEB8-8B4A-11D0-8D11-00A0C91BC942}") = "INFO450SaveMore", "INFO450SaveMore\INFO450SaveMore.vcxproj", "{CCE0840B-F16E-43E0-8017-C741043017AA}"
EndProject
Global
	GlobalSection(SolutionConfigurationPlatforms) = preSolution
		Debug|x64 = Debug|x64
		Debug|x86 = Debug|x86
		Release|x64 = Release|x64
		Release|x86 = Release|x86
	EndGlobalSection
	GlobalSection(ProjectConfigurationPlatforms) = postSolution
		{CCE0840B-F16E-43E0-8017-C741043017AA}.Debug|x64.ActiveCfg = Debug|x64
		{CCE0840B-F16E-43E0-8017-C741043017AA}.Debug|x64.Build.0 = Debug|x64
		{CCE0840B-F16E-43E0-8017-C741043017AA}.Debug|x86.ActiveCfg = Debug|Win32
		{CCE0840B-F16E-43E0-8017-C741043017AA}.Debug|x86.Build.0 = Debug|Win32
		{CCE0840B-F16E-43E0-8017-C741043017AA}.Release|x64.ActiveCfg = Release|x64
		{CCE0840B-F16E-43E0-8017-C741043017AA}.Release|x64.Build.0 = Release|x64
		{CCE0840B-F16E-43E0-8017-C741043017AA}.Release|x86.ActiveCfg = Release|Win32
		{CCE0840B-F16E-43E0-8017-C741043017AA}.Release|x86.Build.0 = Release|Win32
	EndGlobalSection
	GlobalSection(SolutionProperties) = preSolution
		HideSolutionNode = FALSE
	EndGlobalSection
	GlobalSection(ExtensibilityGlobals) = postSolution
		SolutionGuid = {67569A8A-9945-4EF4-993F-DFBADCAF5938}
	EndGlobalSection
EndGlobal
